
Microsoft Visual Studio Solution File, Format Version 12.00
# Visual Studio Version 16
VisualStudioVersion = 16.0.34931.43
MinimumVisualStudioVersion = 10.0.40219.1
Project("{FAE04EC0-301F-11D3-BF4B-00C04F79EFBC}") = "32-practicum", "32-practicum\32-practicum.csproj", "{2027377D-13F4-4530-A18D-2F8BD8A50E9A}"
EndProject
Global
	GlobalSection(SolutionConfigurationPlatforms) = preSolution
		Debug|Any CPU = Debug|Any CPU
		Release|Any CPU = Release|Any CPU
	EndGlobalSection
	GlobalSection(ProjectConfigurationPlatforms) = postSolution
		{2027377D-13F4-4530-A18D-2F8BD8A50E9A}.Debug|Any CPU.ActiveCfg = Debug|Any CPU
		{2027377D-13F4-4530-A18D-2F8BD8A50E9A}.Debug|Any CPU.Build.0 = Debug|Any CPU
		{2027377D-13F4-4530-A18D-2F8BD8A50E9A}.Release|Any CPU.ActiveCfg = Release|Any CPU
		{2027377D-13F4-4530-A18D-2F8BD8A50E9A}.Release|Any CPU.Build.0 = Release|Any CPU
	EndGlobalSection
	GlobalSection(SolutionProperties) = preSolution
		HideSolutionNode = FALSE
	EndGlobalSection
	GlobalSection(ExtensibilityGlobals) = postSolution
		SolutionGuid = {EB6C1526-FBD9-403C-B9FA-841F161B951A}
	EndGlobalSection
EndGlobal
